# This file is @generated by PDM.
# It is not intended for manual editing.

[metadata]
groups = ["default"]
strategy = ["cross_platform", "inherit_metadata"]
lock_version = "4.4.1"
content_hash = "sha256:03a870b0dd18c772fbd9b30c9a9208cdd5cc4c5e1cf9fd59d8707c997f94d28c"

[[package]]
name = "clarabel"
version = "0.10.0"
requires_python = ">=3.9"
summary = "Clarabel Conic Interior Point Solver for Rust / Python"
groups = ["default"]
dependencies = [
    "numpy",
    "scipy",
]
files = [
    {file = "clarabel-0.10.0-cp39-abi3-macosx_10_12_x86_64.macosx_11_0_arm64.macosx_10_12_universal2.whl", hash = "sha256:ac0375778b351ed0a6a209a3a671e438181f640e98ea56761acf44681f05f211"},
    {file = "clarabel-0.10.0-cp39-abi3-macosx_10_12_x86_64.whl", hash = "sha256:385c29169918a0fbf7eaece919db381120519241d9806f65b291444ef52deccc"},
    {file = "clarabel-0.10.0-cp39-abi3-manylinux_2_17_aarch64.manylinux2014_aarch64.whl", hash = "sha256:325468980cd4495005926d413ccca4bb534e52ecc9e43fbd915f5d0e63859bd8"},
    {file = "clarabel-0.10.0-cp39-abi3-manylinux_2_17_x86_64.manylinux2014_x86_64.whl", hash = "sha256:9be6910e0ae1694996aa0c5f3db9b99ab6b619f6735ad178086b6f1e3eeef5e2"},
    {file = "clarabel-0.10.0-cp39-abi3-win_amd64.whl", hash = "sha256:7871b6f499ad66f71d4e7fb40754c4d986d4316f242beb62ff4f63a69785a50c"},
    {file = "clarabel-0.10.0.tar.gz", hash = "sha256:a8a2105058fd7db54718be53c48715a50910500b10ff0b8f5380434e69c10a10"},
]

[[package]]
name = "cvxpy"
version = "1.6.2"
requires_python = ">=3.9"
summary = "A domain-specific language for modeling convex optimization problems in Python."
groups = ["default"]
dependencies = [
    "clarabel>=0.5.0",
    "numpy>=1.21.6",
    "osqp>=0.6.2",
    "scipy>=1.11.0",
    "scs>=3.2.4.post1",
]
files = [
    {file = "cvxpy-1.6.2-cp312-cp312-macosx_10_13_universal2.whl", hash = "sha256:aa6f451c6f2f88b45f43495a5383677903bbba9dcf77bb75627bf22469a2f811"},
    {file = "cvxpy-1.6.2-cp312-cp312-macosx_10_13_x86_64.whl", hash = "sha256:9f8b9edc9238fea736e2bd224998a33a644d5caa495d42c507860a6fa06c5e44"},
    {file = "cvxpy-1.6.2-cp312-cp312-manylinux_2_17_aarch64.manylinux2014_aarch64.whl", hash = "sha256:b681b1d83a65a9173291895e5d5e29256ed9a09d6f59830ee5a4d8eda51fce43"},
    {file = "cvxpy-1.6.2-cp312-cp312-manylinux_2_17_x86_64.manylinux2014_x86_64.whl", hash = "sha256:a33736d81098398c7ef46efefe46d9aa92f53ff8e8561d56302c3acecf237373"},
    {file = "cvxpy-1.6.2-cp312-cp312-win_amd64.whl", hash = "sha256:24d298da2d929a544c603501873a4409e674772b7f1c79c20d1f7587619aa8b7"},
    {file = "cvxpy-1.6.2-cp313-cp313-macosx_10_13_universal2.whl", hash = "sha256:3cf666966829175e49ad2bba803ecdac9fb34e13cf60cd451418b9ed082a68f2"},
    {file = "cvxpy-1.6.2-cp313-cp313-macosx_10_13_x86_64.whl", hash = "sha256:1b38e21bba50394d4b63ab4cb14816ec11d1134728dd0534b66eb7ff4eb1d24c"},
    {file = "cvxpy-1.6.2-cp313-cp313-manylinux_2_17_aarch64.manylinux2014_aarch64.whl", hash = "sha256:bb0bba5b38dc816d0eefba4f3b9d9de2ea10ecc5b4ad2cb7855d2453ce3fb331"},
    {file = "cvxpy-1.6.2-cp313-cp313-manylinux_2_17_x86_64.manylinux2014_x86_64.whl", hash = "sha256:adf4af40184dabb13c81d2286fb34af08231aedbfffe6afc7c7ea8b8072eacdc"},
    {file = "cvxpy-1.6.2-cp313-cp313-win_amd64.whl", hash = "sha256:b826e2d6d44366905cfed53a15eff2d976dc50fcce5887b6cd3ac12b34634acc"},
    {file = "cvxpy-1.6.2.tar.gz", hash = "sha256:88f532b8609551c00b028a14d997611404463c79920cc822c5c02014e2a52b9f"},
]

[[package]]
name = "mpmath"
version = "1.3.0"
summary = "Python library for arbitrary-precision floating-point arithmetic"
groups = ["default"]
files = [
    {file = "mpmath-1.3.0-py3-none-any.whl", hash = "sha256:a0b2b9fe80bbcd81a6647ff13108738cfb482d481d826cc0e02f5b35e5c88d2c"},
    {file = "mpmath-1.3.0.tar.gz", hash = "sha256:7a28eb2a9774d00c7bc92411c19a89209d5da7c4c9a9e227be8330a23a25b91f"},
]

[[package]]
name = "numpy"
version = "2.2.3"
requires_python = ">=3.10"
summary = "Fundamental package for array computing in Python"
groups = ["default"]
files = [
    {file = "numpy-2.2.3-cp312-cp312-macosx_10_13_x86_64.whl", hash = "sha256:12c045f43b1d2915eca6b880a7f4a256f59d62df4f044788c8ba67709412128d"},
    {file = "numpy-2.2.3-cp312-cp312-macosx_11_0_arm64.whl", hash = "sha256:87eed225fd415bbae787f93a457af7f5990b92a334e346f72070bf569b9c9c95"},
    {file = "numpy-2.2.3-cp312-cp312-macosx_14_0_arm64.whl", hash = "sha256:712a64103d97c404e87d4d7c47fb0c7ff9acccc625ca2002848e0d53288b90ea"},
    {file = "numpy-2.2.3-cp312-cp312-macosx_14_0_x86_64.whl", hash = "sha256:a5ae282abe60a2db0fd407072aff4599c279bcd6e9a2475500fc35b00a57c532"},
    {file = "numpy-2.2.3-cp312-cp312-manylinux_2_17_aarch64.manylinux2014_aarch64.whl", hash = "sha256:5266de33d4c3420973cf9ae3b98b54a2a6d53a559310e3236c4b2b06b9c07d4e"},
    {file = "numpy-2.2.3-cp312-cp312-manylinux_2_17_x86_64.manylinux2014_x86_64.whl", hash = "sha256:3b787adbf04b0db1967798dba8da1af07e387908ed1553a0d6e74c084d1ceafe"},
    {file = "numpy-2.2.3-cp312-cp312-musllinux_1_2_aarch64.whl", hash = "sha256:34c1b7e83f94f3b564b35f480f5652a47007dd91f7c839f404d03279cc8dd021"},
    {file = "numpy-2.2.3-cp312-cp312-musllinux_1_2_x86_64.whl", hash = "sha256:4d8335b5f1b6e2bce120d55fb17064b0262ff29b459e8493d1785c18ae2553b8"},
    {file = "numpy-2.2.3-cp312-cp312-win32.whl", hash = "sha256:4d9828d25fb246bedd31e04c9e75714a4087211ac348cb39c8c5f99dbb6683fe"},
    {file = "numpy-2.2.3-cp312-cp312-win_amd64.whl", hash = "sha256:83807d445817326b4bcdaaaf8e8e9f1753da04341eceec705c001ff342002e5d"},
    {file = "numpy-2.2.3-cp313-cp313-macosx_10_13_x86_64.whl", hash = "sha256:7bfdb06b395385ea9b91bf55c1adf1b297c9fdb531552845ff1d3ea6e40d5aba"},
    {file = "numpy-2.2.3-cp313-cp313-macosx_11_0_arm64.whl", hash = "sha256:23c9f4edbf4c065fddb10a4f6e8b6a244342d95966a48820c614891e5059bb50"},
    {file = "numpy-2.2.3-cp313-cp313-macosx_14_0_arm64.whl", hash = "sha256:a0c03b6be48aaf92525cccf393265e02773be8fd9551a2f9adbe7db1fa2b60f1"},
    {file = "numpy-2.2.3-cp313-cp313-macosx_14_0_x86_64.whl", hash = "sha256:2376e317111daa0a6739e50f7ee2a6353f768489102308b0d98fcf4a04f7f3b5"},
    {file = "numpy-2.2.3-cp313-cp313-manylinux_2_17_aarch64.manylinux2014_aarch64.whl", hash = "sha256:8fb62fe3d206d72fe1cfe31c4a1106ad2b136fcc1606093aeab314f02930fdf2"},
    {file = "numpy-2.2.3-cp313-cp313-manylinux_2_17_x86_64.manylinux2014_x86_64.whl", hash = "sha256:52659ad2534427dffcc36aac76bebdd02b67e3b7a619ac67543bc9bfe6b7cdb1"},
    {file = "numpy-2.2.3-cp313-cp313-musllinux_1_2_aarch64.whl", hash = "sha256:1b416af7d0ed3271cad0f0a0d0bee0911ed7eba23e66f8424d9f3dfcdcae1304"},
    {file = "numpy-2.2.3-cp313-cp313-musllinux_1_2_x86_64.whl", hash = "sha256:1402da8e0f435991983d0a9708b779f95a8c98c6b18a171b9f1be09005e64d9d"},
    {file = "numpy-2.2.3-cp313-cp313-win32.whl", hash = "sha256:136553f123ee2951bfcfbc264acd34a2fc2f29d7cdf610ce7daf672b6fbaa693"},
    {file = "numpy-2.2.3-cp313-cp313-win_amd64.whl", hash = "sha256:5b732c8beef1d7bc2d9e476dbba20aaff6167bf205ad9aa8d30913859e82884b"},
    {file = "numpy-2.2.3-cp313-cp313t-macosx_10_13_x86_64.whl", hash = "sha256:435e7a933b9fda8126130b046975a968cc2d833b505475e588339e09f7672890"},
    {file = "numpy-2.2.3-cp313-cp313t-macosx_11_0_arm64.whl", hash = "sha256:7678556eeb0152cbd1522b684dcd215250885993dd00adb93679ec3c0e6e091c"},
    {file = "numpy-2.2.3-cp313-cp313t-macosx_14_0_arm64.whl", hash = "sha256:2e8da03bd561504d9b20e7a12340870dfc206c64ea59b4cfee9fceb95070ee94"},
    {file = "numpy-2.2.3-cp313-cp313t-macosx_14_0_x86_64.whl", hash = "sha256:c9aa4496fd0e17e3843399f533d62857cef5900facf93e735ef65aa4bbc90ef0"},
    {file = "numpy-2.2.3-cp313-cp313t-manylinux_2_17_aarch64.manylinux2014_aarch64.whl", hash = "sha256:f4ca91d61a4bf61b0f2228f24bbfa6a9facd5f8af03759fe2a655c50ae2c6610"},
    {file = "numpy-2.2.3-cp313-cp313t-manylinux_2_17_x86_64.manylinux2014_x86_64.whl", hash = "sha256:deaa09cd492e24fd9b15296844c0ad1b3c976da7907e1c1ed3a0ad21dded6f76"},
    {file = "numpy-2.2.3-cp313-cp313t-musllinux_1_2_aarch64.whl", hash = "sha256:246535e2f7496b7ac85deffe932896a3577be7af8fb7eebe7146444680297e9a"},
    {file = "numpy-2.2.3-cp313-cp313t-musllinux_1_2_x86_64.whl", hash = "sha256:daf43a3d1ea699402c5a850e5313680ac355b4adc9770cd5cfc2940e7861f1bf"},
    {file = "numpy-2.2.3-cp313-cp313t-win32.whl", hash = "sha256:cf802eef1f0134afb81fef94020351be4fe1d6681aadf9c5e862af6602af64ef"},
    {file = "numpy-2.2.3-cp313-cp313t-win_amd64.whl", hash = "sha256:aee2512827ceb6d7f517c8b85aa5d3923afe8fc7a57d028cffcd522f1c6fd082"},
    {file = "numpy-2.2.3-pp310-pypy310_pp73-macosx_10_15_x86_64.whl", hash = "sha256:3c2ec8a0f51d60f1e9c0c5ab116b7fc104b165ada3f6c58abf881cb2eb16044d"},
    {file = "numpy-2.2.3-pp310-pypy310_pp73-macosx_14_0_x86_64.whl", hash = "sha256:ed2cf9ed4e8ebc3b754d398cba12f24359f018b416c380f577bbae112ca52fc9"},
    {file = "numpy-2.2.3-pp310-pypy310_pp73-manylinux_2_17_x86_64.manylinux2014_x86_64.whl", hash = "sha256:39261798d208c3095ae4f7bc8eaeb3481ea8c6e03dc48028057d3cbdbdb8937e"},
    {file = "numpy-2.2.3-pp310-pypy310_pp73-win_amd64.whl", hash = "sha256:783145835458e60fa97afac25d511d00a1eca94d4a8f3ace9fe2043003c678e4"},
    {file = "numpy-2.2.3.tar.gz", hash = "sha256:dbdc15f0c81611925f382dfa97b3bd0bc2c1ce19d4fe50482cb0ddc12ba30020"},
]

[[package]]
name = "osqp"
version = "0.6.7.post3"
summary = "OSQP: The Operator Splitting QP Solver"
groups = ["default"]
dependencies = [
    "numpy>=1.7",
    "qdldl",
    "scipy>=0.13.2",
]
files = [
    {file = "osqp-0.6.7.post3-cp312-cp312-macosx_10_13_x86_64.whl", hash = "sha256:023af06764f7aba9c64536ecb7204019906bb7e78237f335f82b404f16623eef"},
    {file = "osqp-0.6.7.post3-cp312-cp312-macosx_11_0_arm64.whl", hash = "sha256:4cec7cb5bf1615c4129277275dc08e20a037372a874cff35eb891b4b35a463de"},
    {file = "osqp-0.6.7.post3-cp312-cp312-manylinux_2_17_aarch64.manylinux2014_aarch64.whl", hash = "sha256:eb882ab24b97b14843b7c71d2474fb8b415bafc8dd60aa94870c2ef338c20bfb"},
    {file = "osqp-0.6.7.post3-cp312-cp312-manylinux_2_5_x86_64.manylinux1_x86_64.manylinux_2_17_x86_64.manylinux2014_x86_64.whl", hash = "sha256:502fde0ae710cef1e6418fb8d26efef9597d1dcba877489a1c2eb9c3eb2ff2e9"},
    {file = "osqp-0.6.7.post3-cp312-cp312-win_amd64.whl", hash = "sha256:468588cfb690becba4d1f460c2a53e75530584e3efcf2caed59f5219032e6888"},
    {file = "osqp-0.6.7.post3-cp313-cp313-macosx_10_13_x86_64.whl", hash = "sha256:cee478eedf9cfad11ff9c27ef0b1e032506a16888b8b874f622816cf8749db7f"},
    {file = "osqp-0.6.7.post3-cp313-cp313-macosx_11_0_arm64.whl", hash = "sha256:5dd739c4c6c91e40d2e3ea2bb78c635c897e07697ab24a46d3a5d197e254b0f3"},
    {file = "osqp-0.6.7.post3-cp313-cp313-manylinux_2_17_aarch64.manylinux2014_aarch64.whl", hash = "sha256:002f280f23d15ad3c6386a868688f0b17c90dba13d0f7f8da1c833a14fc4d7f8"},
    {file = "osqp-0.6.7.post3-cp313-cp313-manylinux_2_5_x86_64.manylinux1_x86_64.manylinux_2_17_x86_64.manylinux2014_x86_64.whl", hash = "sha256:1a2922fe8cb666964cf01b643da81eadf4bb435139a5f042d5bb6dcb87496778"},
    {file = "osqp-0.6.7.post3-cp313-cp313-win_amd64.whl", hash = "sha256:acb219e941f5248da5de3ee9b70e6a5aaddf5f3989dffd1d4c03b0f7b1dfa17b"},
    {file = "osqp-0.6.7.post3.tar.gz", hash = "sha256:b0c5e0a721f21c9724097a4fd50108304d296468d124e16f34ac67046f7020e1"},
]

[[package]]
name = "qdldl"
version = "0.1.7.post5"
summary = "QDLDL, a free LDL factorization routine."
groups = ["default"]
dependencies = [
    "numpy>=1.7",
    "scipy>=0.13.2",
]
files = [
    {file = "qdldl-0.1.7.post5-cp312-cp312-macosx_10_13_x86_64.whl", hash = "sha256:d67a95d0ba73147a05cf98dc9284103f64150c9e2c214cd35ee0258f06922c5e"},
    {file = "qdldl-0.1.7.post5-cp312-cp312-macosx_11_0_arm64.whl", hash = "sha256:2e23d684427ce49f5d657e353322363555d1a31605fe72cbe4b965a4e260742c"},
    {file = "qdldl-0.1.7.post5-cp312-cp312-manylinux_2_17_aarch64.manylinux2014_aarch64.whl", hash = "sha256:8c4953d4fe61951fb515a6439009248b5a7b73627d74ee929d02b19bea41b19d"},
    {file = "qdldl-0.1.7.post5-cp312-cp312-manylinux_2_17_x86_64.manylinux2014_x86_64.whl", hash = "sha256:520dbe4006a333c773ff474d2dc1e0af928c0dc7d9ca36db5637ba738ee608ba"},
    {file = "qdldl-0.1.7.post5-cp312-cp312-win_amd64.whl", hash = "sha256:13dfc0b225a5c180512488fa51f1771e8fa3c06d7fce9fd3c1d018bc03ba0eec"},
    {file = "qdldl-0.1.7.post5-cp313-cp313-macosx_10_13_x86_64.whl", hash = "sha256:7600985d2321cb15f71f8bb3a92ef2a85284b4fd740d8bbd4960b8c2f7ee6d33"},
    {file = "qdldl-0.1.7.post5-cp313-cp313-macosx_11_0_arm64.whl", hash = "sha256:314153f574641c846a85ff9b4a5c0e0d23e32d0de11d8381866bb27577088bef"},
    {file = "qdldl-0.1.7.post5-cp313-cp313-manylinux_2_17_aarch64.manylinux2014_aarch64.whl", hash = "sha256:42b1ee3840d7d8ef4f1e3ffce0620116a71abd72c52ba46e0c194d4b294a0ad2"},
    {file = "qdldl-0.1.7.post5-cp313-cp313-manylinux_2_17_x86_64.manylinux2014_x86_64.whl", hash = "sha256:cba6df1eedbaea844485e1c7a6ae9013bbdc86f07c4ebb13c89249b003de4ef4"},
    {file = "qdldl-0.1.7.post5-cp313-cp313-win_amd64.whl", hash = "sha256:cc9be378e7bec67d4c62b7fa27cafb4f77d3e5e059d753c3dce0a5ae1ef5fea0"},
    {file = "qdldl-0.1.7.post5.tar.gz", hash = "sha256:0b1399e1c49b5bed5aac8fd63ef08ab708d340c37fb426fe00128bc1f36b286e"},
]

[[package]]
name = "scipy"
version = "1.15.2"
requires_python = ">=3.10"
summary = "Fundamental algorithms for scientific computing in Python"
groups = ["default"]
dependencies = [
    "numpy<2.5,>=1.23.5",
]
files = [
    {file = "scipy-1.15.2-cp312-cp312-macosx_10_13_x86_64.whl", hash = "sha256:c4697a10da8f8765bb7c83e24a470da5797e37041edfd77fd95ba3811a47c4fd"},
    {file = "scipy-1.15.2-cp312-cp312-macosx_12_0_arm64.whl", hash = "sha256:869269b767d5ee7ea6991ed7e22b3ca1f22de73ab9a49c44bad338b725603301"},
    {file = "scipy-1.15.2-cp312-cp312-macosx_14_0_arm64.whl", hash = "sha256:bad78d580270a4d32470563ea86c6590b465cb98f83d760ff5b0990cb5518a93"},
    {file = "scipy-1.15.2-cp312-cp312-macosx_14_0_x86_64.whl", hash = "sha256:b09ae80010f52efddb15551025f9016c910296cf70adbf03ce2a8704f3a5ad20"},
    {file = "scipy-1.15.2-cp312-cp312-manylinux_2_17_aarch64.manylinux2014_aarch64.whl", hash = "sha256:5a6fd6eac1ce74a9f77a7fc724080d507c5812d61e72bd5e4c489b042455865e"},
    {file = "scipy-1.15.2-cp312-cp312-manylinux_2_17_x86_64.manylinux2014_x86_64.whl", hash = "sha256:2b871df1fe1a3ba85d90e22742b93584f8d2b8e6124f8372ab15c71b73e428b8"},
    {file = "scipy-1.15.2-cp312-cp312-musllinux_1_2_aarch64.whl", hash = "sha256:03205d57a28e18dfd39f0377d5002725bf1f19a46f444108c29bdb246b6c8a11"},
    {file = "scipy-1.15.2-cp312-cp312-musllinux_1_2_x86_64.whl", hash = "sha256:601881dfb761311045b03114c5fe718a12634e5608c3b403737ae463c9885d53"},
    {file = "scipy-1.15.2-cp312-cp312-win_amd64.whl", hash = "sha256:e7c68b6a43259ba0aab737237876e5c2c549a031ddb7abc28c7b47f22e202ded"},
    {file = "scipy-1.15.2-cp313-cp313-macosx_10_13_x86_64.whl", hash = "sha256:01edfac9f0798ad6b46d9c4c9ca0e0ad23dbf0b1eb70e96adb9fa7f525eff0bf"},
    {file = "scipy-1.15.2-cp313-cp313-macosx_12_0_arm64.whl", hash = "sha256:08b57a9336b8e79b305a143c3655cc5bdbe6d5ece3378578888d2afbb51c4e37"},
    {file = "scipy-1.15.2-cp313-cp313-macosx_14_0_arm64.whl", hash = "sha256:54c462098484e7466362a9f1672d20888f724911a74c22ae35b61f9c5919183d"},
    {file = "scipy-1.15.2-cp313-cp313-macosx_14_0_x86_64.whl", hash = "sha256:cf72ff559a53a6a6d77bd8eefd12a17995ffa44ad86c77a5df96f533d4e6c6bb"},
    {file = "scipy-1.15.2-cp313-cp313-manylinux_2_17_aarch64.manylinux2014_aarch64.whl", hash = "sha256:9de9d1416b3d9e7df9923ab23cd2fe714244af10b763975bea9e4f2e81cebd27"},
    {file = "scipy-1.15.2-cp313-cp313-manylinux_2_17_x86_64.manylinux2014_x86_64.whl", hash = "sha256:fb530e4794fc8ea76a4a21ccb67dea33e5e0e60f07fc38a49e821e1eae3b71a0"},
    {file = "scipy-1.15.2-cp313-cp313-musllinux_1_2_aarch64.whl", hash = "sha256:5ea7ed46d437fc52350b028b1d44e002646e28f3e8ddc714011aaf87330f2f32"},
    {file = "scipy-1.15.2-cp313-cp313-musllinux_1_2_x86_64.whl", hash = "sha256:11e7ad32cf184b74380f43d3c0a706f49358b904fa7d5345f16ddf993609184d"},
    {file = "scipy-1.15.2-cp313-cp313-win_amd64.whl", hash = "sha256:a5080a79dfb9b78b768cebf3c9dcbc7b665c5875793569f48bf0e2b1d7f68f6f"},
    {file = "scipy-1.15.2-cp313-cp313t-macosx_10_13_x86_64.whl", hash = "sha256:447ce30cee6a9d5d1379087c9e474628dab3db4a67484be1b7dc3196bfb2fac9"},
    {file = "scipy-1.15.2-cp313-cp313t-macosx_12_0_arm64.whl", hash = "sha256:c90ebe8aaa4397eaefa8455a8182b164a6cc1d59ad53f79943f266d99f68687f"},
    {file = "scipy-1.15.2-cp313-cp313t-macosx_14_0_arm64.whl", hash = "sha256:def751dd08243934c884a3221156d63e15234a3155cf25978b0a668409d45eb6"},
    {file = "scipy-1.15.2-cp313-cp313t-macosx_14_0_x86_64.whl", hash = "sha256:302093e7dfb120e55515936cb55618ee0b895f8bcaf18ff81eca086c17bd80af"},
    {file = "scipy-1.15.2-cp313-cp313t-manylinux_2_17_aarch64.manylinux2014_aarch64.whl", hash = "sha256:7cd5b77413e1855351cdde594eca99c1f4a588c2d63711388b6a1f1c01f62274"},
    {file = "scipy-1.15.2-cp313-cp313t-manylinux_2_17_x86_64.manylinux2014_x86_64.whl", hash = "sha256:6d0194c37037707b2afa7a2f2a924cf7bac3dc292d51b6a925e5fcb89bc5c776"},
    {file = "scipy-1.15.2-cp313-cp313t-musllinux_1_2_aarch64.whl", hash = "sha256:bae43364d600fdc3ac327db99659dcb79e6e7ecd279a75fe1266669d9a652828"},
    {file = "scipy-1.15.2-cp313-cp313t-musllinux_1_2_x86_64.whl", hash = "sha256:f031846580d9acccd0044efd1a90e6f4df3a6e12b4b6bd694a7bc03a89892b28"},
    {file = "scipy-1.15.2-cp313-cp313t-win_amd64.whl", hash = "sha256:fe8a9eb875d430d81755472c5ba75e84acc980e4a8f6204d402849234d3017db"},
    {file = "scipy-1.15.2.tar.gz", hash = "sha256:cd58a314d92838f7e6f755c8a2167ead4f27e1fd5c1251fd54289569ef3495ec"},
]

[[package]]
name = "scs"
version = "3.2.7.post2"
requires_python = ">=3.7"
summary = "Splitting conic solver"
groups = ["default"]
dependencies = [
    "numpy",
    "scipy",
]
files = [
    {file = "scs-3.2.7.post2-cp312-cp312-macosx_10_13_x86_64.whl", hash = "sha256:99e4af2968b046ee55fa0dc89dcd3bfba771f1027d9224cb6efa10008d8bfee1"},
    {file = "scs-3.2.7.post2-cp312-cp312-macosx_11_0_arm64.whl", hash = "sha256:bc46fef9743d4629337382f034fda92dfce338659e8377afae674517b7d8345f"},
    {file = "scs-3.2.7.post2-cp312-cp312-manylinux_2_17_x86_64.manylinux2014_x86_64.whl", hash = "sha256:f92e925d89004276a449850926a45536f75c03cab701b5e758b1a7efa119ba08"},
    {file = "scs-3.2.7.post2-cp312-cp312-manylinux_2_28_aarch64.whl", hash = "sha256:640faf61f85b933fdfc3d33d7ce4f0049b082b245e82d2d6a8c2c54aa0b7f540"},
    {file = "scs-3.2.7.post2-cp312-cp312-musllinux_1_2_x86_64.whl", hash = "sha256:a520c9bef84eee734df0da3e5e06aa9192d3be34cd5e6d4221cc01f4d09b20c0"},
    {file = "scs-3.2.7.post2-cp312-cp312-win_amd64.whl", hash = "sha256:2995d4099943c3fd754b3e39fe178a9c03dcb9c7d84b40f64ac5eb26d8d6085a"},
    {file = "scs-3.2.7.post2-cp313-cp313-macosx_10_13_x86_64.whl", hash = "sha256:aaa3753e82250913e17c792e7ca7eb0bde03ac41200923f3dfd3f6bd5ec6f308"},
    {file = "scs-3.2.7.post2-cp313-cp313-macosx_11_0_arm64.whl", hash = "sha256:08e9c20b482c03f292b3da7ce4cbddb2697508ffd747304564868e87da7cb4b2"},
    {file = "scs-3.2.7.post2-cp313-cp313-manylinux_2_17_x86_64.manylinux2014_x86_64.whl", hash = "sha256:56af9310bd2d000c45d7829e2935b5445480ea6bcc6091c58d4e3ab2a94125be"},
    {file = "scs-3.2.7.post2-cp313-cp313-manylinux_2_28_aarch64.whl", hash = "sha256:ec6e7bdb18d4b84c7f56f94db445ec0c43deec5aa659201467aa85b2f64b8123"},
    {file = "scs-3.2.7.post2-cp313-cp313-musllinux_1_2_x86_64.whl", hash = "sha256:91316903b2ea625990abe18bb92e8ce63536e5eafb9623ecf1cb199fb05ea574"},
    {file = "scs-3.2.7.post2-cp313-cp313-win_amd64.whl", hash = "sha256:a2c48cd19e39bf87dae0b20a289fff44930458fc2ca2afa0f899058dc41e5545"},
    {file = "scs-3.2.7.post2.tar.gz", hash = "sha256:4245a4f76328cc73911f20e1414df68d41ead4bcc4a187503a9cd639b644014b"},
]

[[package]]
name = "sympy"
version = "1.13.3"
requires_python = ">=3.8"
summary = "Computer algebra system (CAS) in Python"
groups = ["default"]
dependencies = [
    "mpmath<1.4,>=1.1.0",
]
files = [
    {file = "sympy-1.13.3-py3-none-any.whl", hash = "sha256:54612cf55a62755ee71824ce692986f23c88ffa77207b30c1368eda4a7060f73"},
    {file = "sympy-1.13.3.tar.gz", hash = "sha256:b27fd2c6530e0ab39e275fc9b683895367e51d5da91baa8d3d64db2565fec4d9"},
]
